
Microsoft Visual Studio Solution File, Format Version 12.00
# Visual Studio Version 17
VisualStudioVersion = 17.13.35919.96 d17.13
MinimumVisualStudioVersion = 10.0.40219.1
Project("{FAE04EC0-301F-11D3-BF4B-00C04F79EFBC}") = "RestAPI_RabbitMQ", "RestAPI_RabbitMQ\RestAPI_RabbitMQ.csproj", "{E5C9049C-D97B-4CA0-A3AC-5455CDB789A5}"
EndProject
Global
	GlobalSection(SolutionConfigurationPlatforms) = preSolution
		Debug|Any CPU = Debug|Any CPU
		Release|Any CPU = Release|Any CPU
	EndGlobalSection
	GlobalSection(ProjectConfigurationPlatforms) = postSolution
		{E5C9049C-D97B-4CA0-A3AC-5455CDB789A5}.Debug|Any CPU.ActiveCfg = Debug|Any CPU
		{E5C9049C-D97B-4CA0-A3AC-5455CDB789A5}.Debug|Any CPU.Build.0 = Debug|Any CPU
		{E5C9049C-D97B-4CA0-A3AC-5455CDB789A5}.Release|Any CPU.ActiveCfg = Release|Any CPU
		{E5C9049C-D97B-4CA0-A3AC-5455CDB789A5}.Release|Any CPU.Build.0 = Release|Any CPU
	EndGlobalSection
	GlobalSection(SolutionProperties) = preSolution
		HideSolutionNode = FALSE
	EndGlobalSection
	GlobalSection(ExtensibilityGlobals) = postSolution
		SolutionGuid = {44736E14-A333-4AF2-8CD8-4B5E77951EC1}
	EndGlobalSection
EndGlobal
